
Microsoft Visual Studio Solution File, Format Version 12.00
# Visual Studio Version 17
VisualStudioVersion = 17.14.36705.20 d17.14
MinimumVisualStudioVersion = 10.0.40219.1
Project("{FAE04EC0-301F-11D3-BF4B-00C04F79EFBC}") = "SIADAL", "SIADAL.csproj", "{C28AFE04-74E8-469A-A931-651672B134EC}"
EndProject
Global
	GlobalSection(SolutionConfigurationPlatforms) = preSolution
		Debug|Any CPU = Debug|Any CPU
		Release|Any CPU = Release|Any CPU
	EndGlobalSection
	GlobalSection(ProjectConfigurationPlatforms) = postSolution
		{C28AFE04-74E8-469A-A931-651672B134EC}.Debug|Any CPU.ActiveCfg = Debug|Any CPU
		{C28AFE04-74E8-469A-A931-651672B134EC}.Debug|Any CPU.Build.0 = Debug|Any CPU
		{C28AFE04-74E8-469A-A931-651672B134EC}.Release|Any CPU.ActiveCfg = Release|Any CPU
		{C28AFE04-74E8-469A-A931-651672B134EC}.Release|Any CPU.Build.0 = Release|Any CPU
	EndGlobalSection
	GlobalSection(SolutionProperties) = preSolution
		HideSolutionNode = FALSE
	EndGlobalSection
	GlobalSection(ExtensibilityGlobals) = postSolution
		SolutionGuid = {369F6B46-489E-4A4F-BE8C-63138F90FFB2}
	EndGlobalSection
EndGlobal
